
Microsoft Visual Studio Solution File, Format Version 12.00
# Visual Studio Version 16
VisualStudioVersion = 16.0.30717.126
MinimumVisualStudioVersion = 10.0.40219.1
Project("{FAE04EC0-301F-11D3-BF4B-00C04F79EFBC}") = "SirenumTask2", "SirenumTask2\SirenumTask2.csproj", "{9E306698-18F1-44F4-AB5A-D70AA9D5D9C9}"
EndProject
Global
	GlobalSection(SolutionConfigurationPlatforms) = preSolution
		Debug|Any CPU = Debug|Any CPU
		Release|Any CPU = Release|Any CPU
	EndGlobalSection
	GlobalSection(ProjectConfigurationPlatforms) = postSolution
		{9E306698-18F1-44F4-AB5A-D70AA9D5D9C9}.Debug|Any CPU.ActiveCfg = Debug|Any CPU
		{9E306698-18F1-44F4-AB5A-D70AA9D5D9C9}.Debug|Any CPU.Build.0 = Debug|Any CPU
		{9E306698-18F1-44F4-AB5A-D70AA9D5D9C9}.Release|Any CPU.ActiveCfg = Release|Any CPU
		{9E306698-18F1-44F4-AB5A-D70AA9D5D9C9}.Release|Any CPU.Build.0 = Release|Any CPU
	EndGlobalSection
	GlobalSection(SolutionProperties) = preSolution
		HideSolutionNode = FALSE
	EndGlobalSection
	GlobalSection(ExtensibilityGlobals) = postSolution
		SolutionGuid = {BC8E6DE2-89F4-43DE-BCC8-61355399C4CE}
	EndGlobalSection
EndGlobal
